{
	"name": "@cryptoeconomicslab/substrate-plasma-light-client",
	"version": "0.0.1",
	"lockfileVersion": 1,
	"requires": true,
	"dependencies": {
		"@babel/runtime": {
			"version": "7.9.2",
			"resolved": "https://registry.npmjs.org/@babel/runtime/-/runtime-7.9.2.tgz",
			"integrity": "sha512-NE2DtOdufG7R5vnfQUTehdTfNycfUANEtCa9PssN9O/xmTzP4E08UI797ixaei6hBEVL9BI/PsdJS5x7mWoB9Q==",
			"requires": {
				"regenerator-runtime": "^0.13.4"
			}
		},
		"@cryptoeconomicslab/coder": {
			"version": "0.0.38",
			"resolved": "https://registry.npmjs.org/@cryptoeconomicslab/coder/-/coder-0.0.38.tgz",
			"integrity": "sha512-QaqyCoiI4oCcbYBCZBWffwUj5OzM0KPQHUFkvQ3XlWbS+aJtyJIVFUHBT1/8HkETaDSZb0ZHv/1Yn8lcjqr3uw==",
			"requires": {
				"jsbi": "^3.1.2"
			}
		},
		"@cryptoeconomicslab/context": {
			"version": "0.0.38",
			"resolved": "https://registry.npmjs.org/@cryptoeconomicslab/context/-/context-0.0.38.tgz",
			"integrity": "sha512-pKN5eR/ydv1HsDSON5Zkth5aOg2M34bxmhkYpLfLVMptC6do/L3ysFcE4vfB86vNlo1JQGy2XPBGgXNzXLVm6Q=="
		},
		"@cryptoeconomicslab/contract": {
			"version": "0.0.38",
			"resolved": "https://registry.npmjs.org/@cryptoeconomicslab/contract/-/contract-0.0.38.tgz",
			"integrity": "sha512-BllYkMu46KniG85nSEQ3HS/SLDGWsK854MC7yHLhxPeM21bEw+vcX89j9NWzpOwsfc1VMyWSkmT5ksz+W7HSqg==",
			"requires": {
				"@cryptoeconomicslab/coder": "^0.0.38",
				"@cryptoeconomicslab/db": "^0.0.38",
				"@cryptoeconomicslab/ovm": "^0.0.38"
			}
		},
		"@cryptoeconomicslab/db": {
			"version": "0.0.38",
			"resolved": "https://registry.npmjs.org/@cryptoeconomicslab/db/-/db-0.0.38.tgz",
			"integrity": "sha512-Fd/rCNeEG5/xpbGVOfn9cRpW0VyB4GRkYpG/ioGvEfg8HBNULU3eIksC50L6aqVZ92YyPUKxN5/W0oa/OqyUOw==",
			"requires": {
				"@cryptoeconomicslab/coder": "^0.0.38",
				"@cryptoeconomicslab/context": "^0.0.38",
				"@cryptoeconomicslab/utils": "^0.0.38",
				"abstract-leveldown": "^6.2.2",
				"jsbi": "^3.1.2"
			}
		},
		"@cryptoeconomicslab/hash": {
			"version": "0.0.38",
			"resolved": "https://registry.npmjs.org/@cryptoeconomicslab/hash/-/hash-0.0.38.tgz",
			"integrity": "sha512-uu25QD2PHyrV1xjozYZyln3oHLALE8oh6KaJoLxiwKtoXQs37mI/e7IginthXcbQPCQ3dFe9TsYakiO2tfm3Ow==",
			"requires": {
				"ethers": "^4.0.46"
			}
		},
		"@cryptoeconomicslab/indexeddb-kvs": {
			"version": "0.0.3",
			"resolved": "https://registry.npmjs.org/@cryptoeconomicslab/indexeddb-kvs/-/indexeddb-kvs-0.0.3.tgz",
			"integrity": "sha512-PgqSoAn7J3f6iAl+3d1jAp/8xBRmrG2INu+S8FazTMMQGZs7xycuUcbBJ/1A9VKJ5ovcgfvindo7cHmTroRzNg=="
		},
		"@cryptoeconomicslab/merkle-tree": {
			"version": "0.0.38",
			"resolved": "https://registry.npmjs.org/@cryptoeconomicslab/merkle-tree/-/merkle-tree-0.0.38.tgz",
			"integrity": "sha512-aUdS4plXDWtnP29fZK+o9ZRjJ9jbOdR2tEfMERb7R9QylpTpzbyjhUXYPKaGdxC7GDeepPSPFJlXNlSUSQyPAA==",
			"requires": {
				"@cryptoeconomicslab/hash": "^0.0.38",
				"@cryptoeconomicslab/utils": "^0.0.38",
				"jsbi": "^3.1.2"
			}
		},
		"@cryptoeconomicslab/ovm": {
			"version": "0.0.38",
			"resolved": "https://registry.npmjs.org/@cryptoeconomicslab/ovm/-/ovm-0.0.38.tgz",
			"integrity": "sha512-KADvVQ9e7R0bNEim3mP58//okTheYJ1OmuIFy4rx0V2B/rbdIW/zPpxoCQLnTbL3TxWR1dORl2+P7VmB5ZnAsw==",
			"requires": {
				"@cryptoeconomicslab/coder": "^0.0.38",
				"@cryptoeconomicslab/db": "^0.0.38",
				"@cryptoeconomicslab/hash": "^0.0.38",
				"@cryptoeconomicslab/ovm-parser": "^0.2.12",
				"@cryptoeconomicslab/ovm-transpiler": "^0.2.13",
				"@cryptoeconomicslab/primitives": "^0.0.38",
				"@cryptoeconomicslab/signature": "^0.0.38",
				"@cryptoeconomicslab/utils": "^0.0.38",
				"jsbi": "^3.1.2"
			}
		},
		"@cryptoeconomicslab/ovm-parser": {
			"version": "0.2.12",
			"resolved": "https://registry.npmjs.org/@cryptoeconomicslab/ovm-parser/-/ovm-parser-0.2.12.tgz",
			"integrity": "sha512-VI3ipsMAnom9slIc0jjSW4Ff9BBRluu1p1QqKDm+IAFDBtdxJhbu5K6bBeO8aAhRnvTVn6URJm/sCKC2vXYykg==",
			"requires": {
				"pegjs": "^0.10.0",
				"tslib": "^1.11.1"
			}
		},
		"@cryptoeconomicslab/ovm-transpiler": {
			"version": "0.2.13",
			"resolved": "https://registry.npmjs.org/@cryptoeconomicslab/ovm-transpiler/-/ovm-transpiler-0.2.13.tgz",
			"integrity": "sha512-U88VpHAJJAiT26slYntFvB/++PlkNxa8VO3sVErJnf4e7iTpDR9AYDnVH3B7Rdc0/XvmI47QwuivkYgz7Xue1w==",
			"requires": {
				"@cryptoeconomicslab/coder": "^0.0.36",
				"@cryptoeconomicslab/context": "^0.0.36",
				"@cryptoeconomicslab/ovm-parser": "^0.2.12",
				"tslib": "^1.11.1"
			},
			"dependencies": {
				"@cryptoeconomicslab/coder": {
					"version": "0.0.36",
					"resolved": "https://registry.npmjs.org/@cryptoeconomicslab/coder/-/coder-0.0.36.tgz",
					"integrity": "sha512-qhGDR6bumjT7Zxjo6kP77OJGqQUen1g0LWvGO4269fHAExL+10WERJwVr/2wTEjRJM2V56flAEaK1OtyVv7YUg==",
					"requires": {
						"jsbi": "^3.1.1"
					}
				},
				"@cryptoeconomicslab/context": {
					"version": "0.0.36",
					"resolved": "https://registry.npmjs.org/@cryptoeconomicslab/context/-/context-0.0.36.tgz",
					"integrity": "sha512-TZEkSxp1NEFo1aTHzsncsxHtLglLDAqZSGuJirtSob/43zFHCa5LsuJTDRmTJ3T5hfzaLuShwvt+cLfPcGHF9w=="
				}
			}
		},
		"@cryptoeconomicslab/plasma": {
			"version": "0.0.38",
			"resolved": "https://registry.npmjs.org/@cryptoeconomicslab/plasma/-/plasma-0.0.38.tgz",
			"integrity": "sha512-e0ahmpuwawQS8fn2UiF7YKePM8agpZIYenUhJhIE3UyuZuZ5huO+vfBhg8LOrpzOV69zwX/GNPO7hSii1jDI2Q==",
			"requires": {
				"@cryptoeconomicslab/db": "^0.0.38",
				"@cryptoeconomicslab/hash": "^0.0.38",
				"@cryptoeconomicslab/merkle-tree": "^0.0.38",
				"@cryptoeconomicslab/ovm": "^0.0.38",
				"jsbi": "^3.1.2"
			}
		},
		"@cryptoeconomicslab/plasma-light-client": {
			"version": "0.0.39",
			"resolved": "https://registry.npmjs.org/@cryptoeconomicslab/plasma-light-client/-/plasma-light-client-0.0.39.tgz",
			"integrity": "sha512-YgH6jABIdW+BnQhd3yZ7zdSsPFZ2ceiij9/3qT7Ul2tvh6x1un0j2yyrqCMqvXFXyb/Zg2hRhlcmIk4Ua3U4aQ==",
			"requires": {
				"@cryptoeconomicslab/coder": "^0.0.39",
				"@cryptoeconomicslab/contract": "^0.0.39",
				"@cryptoeconomicslab/db": "^0.0.39",
				"@cryptoeconomicslab/hash": "^0.0.39",
				"@cryptoeconomicslab/indexeddb-kvs": "^0.0.3",
				"@cryptoeconomicslab/merkle-tree": "^0.0.39",
				"@cryptoeconomicslab/ovm": "^0.0.39",
				"@cryptoeconomicslab/plasma": "^0.0.39",
				"@cryptoeconomicslab/wallet": "^0.0.39",
				"axios": "^0.19.2",
				"event-emitter": "^0.3.5",
				"jsbi": "^3.1.2"
			},
			"dependencies": {
				"@cryptoeconomicslab/coder": {
					"version": "0.0.39",
					"resolved": "https://registry.npmjs.org/@cryptoeconomicslab/coder/-/coder-0.0.39.tgz",
					"integrity": "sha512-Cz+6/fIYWfEssyzW+9FZg7SfhasOb9jZ7+q8F0H2CP+p8pflnpCbaXdDeQy7DGUubU8fhn7sjakeRLbk57ZQvg==",
					"requires": {
						"jsbi": "^3.1.2"
					}
				},
				"@cryptoeconomicslab/context": {
					"version": "0.0.39",
					"resolved": "https://registry.npmjs.org/@cryptoeconomicslab/context/-/context-0.0.39.tgz",
					"integrity": "sha512-DKsdkNKChyrPzpeoqsN6geQEa5Mrztk/v7z35mvc6J7Q0AWMd0ocVAoxNauWAkhSFvfbdnVbFETiI2wYd5puQw=="
				},
				"@cryptoeconomicslab/contract": {
					"version": "0.0.39",
					"resolved": "https://registry.npmjs.org/@cryptoeconomicslab/contract/-/contract-0.0.39.tgz",
					"integrity": "sha512-P5CMRUgTMV/VmcYY2s+8Znuys78c5LpzaQ4f0F3l/vm/ku2Qi3F0/K9m3bmWgf2S2375P+qOHmcFsWeiOS3sLA==",
					"requires": {
						"@cryptoeconomicslab/coder": "^0.0.39",
						"@cryptoeconomicslab/db": "^0.0.39",
						"@cryptoeconomicslab/ovm": "^0.0.39"
					}
				},
				"@cryptoeconomicslab/db": {
					"version": "0.0.39",
					"resolved": "https://registry.npmjs.org/@cryptoeconomicslab/db/-/db-0.0.39.tgz",
					"integrity": "sha512-+C5N5n6mV0avb3F+mfRnYdiV82+lEKW1guBYgjhvlKO+23j3c3VkXohI+AMWI+V17nSSLPnemCzdB5ta8z9+Gg==",
					"requires": {
						"@cryptoeconomicslab/coder": "^0.0.39",
						"@cryptoeconomicslab/context": "^0.0.39",
						"@cryptoeconomicslab/utils": "^0.0.39",
						"abstract-leveldown": "^6.2.2",
						"jsbi": "^3.1.2"
					}
				},
				"@cryptoeconomicslab/hash": {
					"version": "0.0.39",
					"resolved": "https://registry.npmjs.org/@cryptoeconomicslab/hash/-/hash-0.0.39.tgz",
					"integrity": "sha512-2v3TrL6gbJK4n04e4r37qjS9cwfMPwTUTEAvKnEoGtaTUx6AwGckxA2XXC0SKCgqLZJJVdKdq8qK3USpxQ9Ddg==",
					"requires": {
						"ethers": "^4.0.46"
					}
				},
				"@cryptoeconomicslab/merkle-tree": {
					"version": "0.0.39",
					"resolved": "https://registry.npmjs.org/@cryptoeconomicslab/merkle-tree/-/merkle-tree-0.0.39.tgz",
					"integrity": "sha512-+5gIlf9ecBjkI1pvDj2bRy05ixbfMBLBpkcha41otb9nDue8EJ7YxOU9hHnTpsWJDfsLbAVGJTsf1F4pZ1lDtg==",
					"requires": {
						"@cryptoeconomicslab/hash": "^0.0.39",
						"@cryptoeconomicslab/utils": "^0.0.39",
						"jsbi": "^3.1.2"
					}
				},
				"@cryptoeconomicslab/ovm": {
					"version": "0.0.39",
					"resolved": "https://registry.npmjs.org/@cryptoeconomicslab/ovm/-/ovm-0.0.39.tgz",
					"integrity": "sha512-W4BhsRmpfbj8Ob5efeeL2qMJ9T0egoejkeLa3Zzwek6V+qRWE/8mQTp3dfMjbijbUYQ9gGC5bKhYBR6Br7dg3w==",
					"requires": {
						"@cryptoeconomicslab/coder": "^0.0.39",
						"@cryptoeconomicslab/db": "^0.0.39",
						"@cryptoeconomicslab/hash": "^0.0.39",
						"@cryptoeconomicslab/ovm-parser": "^0.2.12",
						"@cryptoeconomicslab/ovm-transpiler": "^0.2.13",
						"@cryptoeconomicslab/primitives": "^0.0.39",
						"@cryptoeconomicslab/signature": "^0.0.39",
						"@cryptoeconomicslab/utils": "^0.0.39",
						"jsbi": "^3.1.2"
					}
				},
				"@cryptoeconomicslab/plasma": {
					"version": "0.0.39",
					"resolved": "https://registry.npmjs.org/@cryptoeconomicslab/plasma/-/plasma-0.0.39.tgz",
					"integrity": "sha512-AU18IKGL/Gq4yfgpIq76LuL1qbrzMr9rb//x02pXxVtPi0/yTs5ms8EjcsOdmVz2M3UQYA5R5nqKupLJEsr+rQ==",
					"requires": {
						"@cryptoeconomicslab/db": "^0.0.39",
						"@cryptoeconomicslab/hash": "^0.0.39",
						"@cryptoeconomicslab/merkle-tree": "^0.0.39",
						"@cryptoeconomicslab/ovm": "^0.0.39",
						"jsbi": "^3.1.2"
					}
				},
				"@cryptoeconomicslab/primitives": {
					"version": "0.0.39",
					"resolved": "https://registry.npmjs.org/@cryptoeconomicslab/primitives/-/primitives-0.0.39.tgz",
					"integrity": "sha512-MXLHKz4ozP6JRAsq2gBfNd9IMyX7ylICaOWpemcrF4Mr5wgDhUn7cd3i99Gy7iNukWHSVfZc7S79WmghZ11blQ==",
					"requires": {
						"jsbi": "^3.1.2",
						"text-encoding": "^0.7.0"
					}
				},
				"@cryptoeconomicslab/signature": {
					"version": "0.0.39",
					"resolved": "https://registry.npmjs.org/@cryptoeconomicslab/signature/-/signature-0.0.39.tgz",
					"integrity": "sha512-xq9bfnCz8YhVbz3U8oaH+09cQ11GnJulDC5ebM91fZTWLtrNBzvYVCgm2mzOm4OQfl+TkjvRDvPz34ZZf8/tLw==",
					"requires": {
						"ethers": "^4.0.46",
						"tweetnacl": "^1.0.3"
					}
				},
				"@cryptoeconomicslab/utils": {
					"version": "0.0.39",
					"resolved": "https://registry.npmjs.org/@cryptoeconomicslab/utils/-/utils-0.0.39.tgz",
					"integrity": "sha512-yVb+GFUsFZQjPxLI4Z44FYdjm6w1Iit1DTDMG3svPnPAkqQlkWDSDWC2/IC8iqNcTnjylE/tJqcvSxOWtrweMg==",
					"requires": {
						"jsbi": "^3.1.2"
					}
				},
				"@cryptoeconomicslab/wallet": {
					"version": "0.0.39",
					"resolved": "https://registry.npmjs.org/@cryptoeconomicslab/wallet/-/wallet-0.0.39.tgz",
					"integrity": "sha512-m7rm1LpQPGuby0QeJONv1i0i1CJAn6JSSgMiqfqnkgs5T6TlxfqzAT0WPLi9zhLudfavTU2aOlJUuoSkEsF+aQ==",
					"requires": {
						"jsbi": "^3.1.2"
					}
				}
			}
		},
		"@cryptoeconomicslab/primitives": {
			"version": "0.0.38",
			"resolved": "https://registry.npmjs.org/@cryptoeconomicslab/primitives/-/primitives-0.0.38.tgz",
			"integrity": "sha512-07nC7Dfy2wtJwl2/IgbA8DfsaszqP0gYOuW+nz0sHW0GM5e3wP16YQm5lT62TgdJADCCVjStXNhkHExtu62b7Q==",
			"requires": {
				"jsbi": "^3.1.2",
				"text-encoding": "^0.7.0"
			}
		},
		"@cryptoeconomicslab/signature": {
			"version": "0.0.38",
			"resolved": "https://registry.npmjs.org/@cryptoeconomicslab/signature/-/signature-0.0.38.tgz",
			"integrity": "sha512-9Ebk+/UOx11PDRwZXY3unhpO6P3dNSzurvnh2OHq2pSE3EAF8IIV5mrhlggJWPAVzrB7P5tlTOcWENKRvR3Wuw==",
			"requires": {
				"ethers": "^4.0.46",
				"tweetnacl": "^1.0.3"
			}
		},
		"@cryptoeconomicslab/utils": {
			"version": "0.0.38",
			"resolved": "https://registry.npmjs.org/@cryptoeconomicslab/utils/-/utils-0.0.38.tgz",
			"integrity": "sha512-u3vZAUyXufSmvFjCel8aRjfMVaJMxxmQT5gRr4T+0xPJyc0Grfs2tgjd14Fatb4JRIe+v9BvXLw+jzpjBYu0Kg==",
			"requires": {
				"jsbi": "^3.1.2"
			}
		},
		"@cryptoeconomicslab/wallet": {
			"version": "0.0.38",
			"resolved": "https://registry.npmjs.org/@cryptoeconomicslab/wallet/-/wallet-0.0.38.tgz",
			"integrity": "sha512-BbkxCHLjNuA7jWZ0cIzdwEVLNJjm0byBjok2LrrPfC1jZi98xDADaSqXEYWiuXY5rgn6Yu7N3CWHW/uX86plHw==",
			"requires": {
				"jsbi": "^3.1.2"
			}
		},
		"@polkadot/api": {
			"version": "0.100.1",
			"resolved": "https://registry.npmjs.org/@polkadot/api/-/api-0.100.1.tgz",
			"integrity": "sha512-A3Qtj4iLMuZWrfQowf9MX/NhB9/fqxl8gSfA9OXQuJShlIokyzHaXe4CLDburqPYsyM7eWOhPAEQqUPsOSg7uw==",
			"requires": {
				"@babel/runtime": "^7.7.7",
				"@polkadot/api-derive": "^0.100.1",
				"@polkadot/keyring": "^1.8.1",
				"@polkadot/metadata": "^0.100.1",
				"@polkadot/rpc-core": "^0.100.1",
				"@polkadot/rpc-provider": "^0.100.1",
				"@polkadot/types": "^0.100.1",
				"@polkadot/util-crypto": "^1.8.1"
			}
		},
		"@polkadot/api-derive": {
			"version": "0.100.1",
			"resolved": "https://registry.npmjs.org/@polkadot/api-derive/-/api-derive-0.100.1.tgz",
			"integrity": "sha512-U9MKNvo+BEIEHFPrg5rEYhAnQ56NhsSKjG+xwETAeK6xGmVx5UAFJk2zTwR8/nKCQpxJXX6E3laXcCFn0F1lMw==",
			"requires": {
				"@babel/runtime": "^7.7.7",
				"@polkadot/api": "^0.100.1",
				"@polkadot/types": "^0.100.1"
			}
		},
		"@polkadot/jsonrpc": {
			"version": "0.100.1",
			"resolved": "https://registry.npmjs.org/@polkadot/jsonrpc/-/jsonrpc-0.100.1.tgz",
			"integrity": "sha512-Y454IMglSq94Y4wOYxlVSdm2mdQKcKKf3jte75RuXIqwkjh9iBUim5pOM5JbUvq6+NgZixakvX11R4YPsCcanQ==",
			"requires": {
				"@babel/runtime": "^7.7.7"
			}
		},
		"@polkadot/keyring": {
			"version": "1.8.1",
			"resolved": "https://registry.npmjs.org/@polkadot/keyring/-/keyring-1.8.1.tgz",
			"integrity": "sha512-KeDbfP8biY3bXEhMv1ANp9d3kCuXj2oxseuDK0jvxRo7CehVME9UwAMGQK3Y9NCUuYWd+xTO2To0ZOqR7hdmuQ==",
			"requires": {
				"@babel/runtime": "^7.7.7",
				"@polkadot/util": "^1.8.1",
				"@polkadot/util-crypto": "^1.8.1"
			}
		},
		"@polkadot/metadata": {
			"version": "0.100.1",
			"resolved": "https://registry.npmjs.org/@polkadot/metadata/-/metadata-0.100.1.tgz",
			"integrity": "sha512-KplhDlWHIEDV4R3NdG52AmcN99RQ/PV6dBrjC3FByPVJ3yLQwVA0c5HgyqKGRBOroyy9dh1b8wF/XTh95O1NWw==",
			"requires": {
				"@babel/runtime": "^7.7.7",
				"@polkadot/types": "^0.100.1",
				"@polkadot/util": "^1.8.1",
				"@polkadot/util-crypto": "^1.8.1"
			}
		},
		"@polkadot/rpc-core": {
			"version": "0.100.1",
			"resolved": "https://registry.npmjs.org/@polkadot/rpc-core/-/rpc-core-0.100.1.tgz",
			"integrity": "sha512-1bRpQG+1B3nWGN1BduR0eNNerXhD567OMHwQbQZEMm18WglI4yNEq3u4s+1Pb5vnEnyofr8/8b1ecseq8J1Ahw==",
			"requires": {
				"@babel/runtime": "^7.7.7",
				"@polkadot/jsonrpc": "^0.100.1",
				"@polkadot/rpc-provider": "^0.100.1",
				"@polkadot/types": "^0.100.1",
				"@polkadot/util": "^1.8.1",
				"rxjs": "^6.5.4"
			}
		},
		"@polkadot/rpc-provider": {
			"version": "0.100.1",
			"resolved": "https://registry.npmjs.org/@polkadot/rpc-provider/-/rpc-provider-0.100.1.tgz",
			"integrity": "sha512-Rtic7fFWEd+xrZCdoPvb3pTCl3MmpI7KiZKFJkO5Fa6kKOZXhSA18lg++w1bKb6R6elcTS5pKEvTHVt/L4uLNQ==",
			"requires": {
				"@babel/runtime": "^7.7.7",
				"@polkadot/metadata": "^0.100.1",
				"@polkadot/util": "^1.8.1",
				"@polkadot/util-crypto": "^1.8.1",
				"eventemitter3": "^4.0.0",
				"isomorphic-fetch": "^2.2.1",
				"websocket": "^1.0.31"
			}
		},
		"@polkadot/types": {
			"version": "0.100.1",
			"resolved": "https://registry.npmjs.org/@polkadot/types/-/types-0.100.1.tgz",
			"integrity": "sha512-W7KP0bstF4udABWiZclc/ciK6MC2vmf+pLIJsEJpXD5HAc88lumbnAh6tTu/mnsobOM0FmSA5pHLvkljnA0grQ==",
			"requires": {
				"@babel/runtime": "^7.7.7",
				"@polkadot/metadata": "^0.100.1",
				"@polkadot/util": "^1.8.1",
				"@polkadot/util-crypto": "^1.8.1",
				"@types/memoizee": "^0.4.3",
				"memoizee": "^0.4.14"
			}
		},
		"@polkadot/util": {
			"version": "1.8.1",
			"resolved": "https://registry.npmjs.org/@polkadot/util/-/util-1.8.1.tgz",
			"integrity": "sha512-sFpr+JLCG9d+epjboXsmJ1qcKa96r8ZYzXmVo8+aPzI/9jKKyez6Unox/dnfnpKppZB2nJuLcsxQm6nocp2Caw==",
			"requires": {
				"@babel/runtime": "^7.7.7",
				"@types/bn.js": "^4.11.6",
				"bn.js": "^4.11.8",
				"camelcase": "^5.3.1",
				"chalk": "^3.0.0",
				"ip-regex": "^4.1.0",
				"moment": "^2.24.0"
			}
		},
		"@polkadot/util-crypto": {
			"version": "1.8.1",
			"resolved": "https://registry.npmjs.org/@polkadot/util-crypto/-/util-crypto-1.8.1.tgz",
			"integrity": "sha512-ypUs10hV1HPvYc0ZsEu+LTGSEh0rkr0as/FUh7+Z9v3Bxibn3aO+EOxJPQuDbZZ59FSMRmc9SeOSa0wn9ddrnw==",
			"requires": {
				"@babel/runtime": "^7.7.7",
				"@polkadot/util": "^1.8.1",
				"@polkadot/wasm-crypto": "^0.14.1",
				"@types/bip39": "^2.4.2",
				"@types/bs58": "^4.0.0",
				"@types/pbkdf2": "^3.0.0",
				"@types/secp256k1": "^3.5.0",
				"@types/xxhashjs": "^0.2.1",
				"base-x": "3.0.5",
				"bip39": "^2.5.0",
				"blakejs": "^1.1.0",
				"bs58": "^4.0.1",
				"js-sha3": "^0.8.0",
				"secp256k1": "^3.8.0",
				"tweetnacl": "^1.0.1",
				"xxhashjs": "^0.2.2"
			},
			"dependencies": {
				"js-sha3": {
					"version": "0.8.0",
					"resolved": "https://registry.npmjs.org/js-sha3/-/js-sha3-0.8.0.tgz",
					"integrity": "sha512-gF1cRrHhIzNfToc802P800N8PpXS+evLLXfsVpowqmAFR9uwbi89WvXg2QspOmXL8QL86J4T1EpFu+yUkwJY3Q=="
				}
			}
		},
		"@polkadot/wasm-crypto": {
			"version": "0.14.1",
			"resolved": "https://registry.npmjs.org/@polkadot/wasm-crypto/-/wasm-crypto-0.14.1.tgz",
			"integrity": "sha512-Xng7L2Z8TNZa/5g6pot4O06Jf0ohQRZdvfl8eQL+E/L2mcqJYC1IjkMxJBSBuQEV7hisWzh9mHOy5WCcgPk29Q=="
		},
		"@types/bip39": {
			"version": "2.4.2",
			"resolved": "https://registry.npmjs.org/@types/bip39/-/bip39-2.4.2.tgz",
			"integrity": "sha512-Vo9lqOIRq8uoIzEVrV87ZvcIM0PN9t0K3oYZ/CS61fIYKCBdOIM7mlWzXuRvSXrDtVa1uUO2w1cdfufxTC0bzg==",
			"requires": {
				"@types/node": "*"
			}
		},
		"@types/bn.js": {
			"version": "4.11.6",
			"resolved": "https://registry.npmjs.org/@types/bn.js/-/bn.js-4.11.6.tgz",
			"integrity": "sha512-pqr857jrp2kPuO9uRjZ3PwnJTjoQy+fcdxvBTvHm6dkmEL9q+hDD/2j/0ELOBPtPnS8LjCX0gI9nbl8lVkadpg==",
			"requires": {
				"@types/node": "*"
			}
		},
		"@types/bs58": {
			"version": "4.0.1",
			"resolved": "https://registry.npmjs.org/@types/bs58/-/bs58-4.0.1.tgz",
			"integrity": "sha512-yfAgiWgVLjFCmRv8zAcOIHywYATEwiTVccTLnRp6UxTNavT55M9d/uhK3T03St/+8/z/wW+CRjGKUNmEqoHHCA==",
			"requires": {
				"base-x": "^3.0.6"
			},
			"dependencies": {
				"base-x": {
					"version": "3.0.8",
					"resolved": "https://registry.npmjs.org/base-x/-/base-x-3.0.8.tgz",
					"integrity": "sha512-Rl/1AWP4J/zRrk54hhlxH4drNxPJXYUaKffODVI53/dAsV4t9fBxyxYKAVPU1XBHxYwOWP9h9H0hM2MVw4YfJA==",
					"requires": {
						"safe-buffer": "^5.0.1"
					}
				}
			}
		},
		"@types/color-name": {
			"version": "1.1.1",
			"resolved": "https://registry.npmjs.org/@types/color-name/-/color-name-1.1.1.tgz",
			"integrity": "sha512-rr+OQyAjxze7GgWrSaJwydHStIhHq2lvY3BOC2Mj7KnzI7XK0Uw1TOOdI9lDoajEbSWLiYgoo4f1R51erQfhPQ=="
		},
		"@types/memoizee": {
			"version": "0.4.3",
			"resolved": "https://registry.npmjs.org/@types/memoizee/-/memoizee-0.4.3.tgz",
			"integrity": "sha512-N6QT0c9ZbEKl33n1wyoTxZs4cpN+YXjs0Aqy5Qim8ipd9PBNIPqOh/p5Pixc4601tqr5GErsdxUbfqviDfubNw=="
		},
		"@types/node": {
			"version": "12.12.31",
			"resolved": "https://registry.npmjs.org/@types/node/-/node-12.12.31.tgz",
			"integrity": "sha512-T+wnJno8uh27G9c+1T+a1/WYCHzLeDqtsGJkoEdSp2X8RTh3oOCZQcUnjAx90CS8cmmADX51O0FI/tu9s0yssg=="
		},
		"@types/pbkdf2": {
			"version": "3.0.0",
			"resolved": "https://registry.npmjs.org/@types/pbkdf2/-/pbkdf2-3.0.0.tgz",
			"integrity": "sha512-6J6MHaAlBJC/eVMy9jOwj9oHaprfutukfW/Dyt0NEnpQ/6HN6YQrpvLwzWdWDeWZIdenjGHlbYDzyEODO5Z+2Q==",
			"requires": {
				"@types/node": "*"
			}
		},
		"@types/secp256k1": {
			"version": "3.5.3",
			"resolved": "https://registry.npmjs.org/@types/secp256k1/-/secp256k1-3.5.3.tgz",
			"integrity": "sha512-NGcsPDR0P+Q71O63e2ayshmiZGAwCOa/cLJzOIuhOiDvmbvrCIiVtEpqdCJGogG92Bnr6tw/6lqVBsRMEl15OQ==",
			"requires": {
				"@types/node": "*"
			}
		},
		"@types/xxhashjs": {
			"version": "0.2.1",
			"resolved": "https://registry.npmjs.org/@types/xxhashjs/-/xxhashjs-0.2.1.tgz",
			"integrity": "sha512-Akm13wkwsQylVnBokl/aiKLtSxndSjfgTjdvmSxXNehYy4NymwdfdJHwGhpV54wcYfmOByOp3ak8AGdUlvp0sA==",
			"requires": {
				"@types/node": "*"
			}
		},
		"abstract-leveldown": {
			"version": "6.2.2",
			"resolved": "https://registry.npmjs.org/abstract-leveldown/-/abstract-leveldown-6.2.2.tgz",
			"integrity": "sha512-/a+Iwj0rn//CX0EJOasNyZJd2o8xur8Ce9C57Sznti/Ilt/cb6Qd8/k98A4ZOklXgTG+iAYYUs1OTG0s1eH+zQ==",
			"requires": {
				"level-concat-iterator": "~2.0.0",
				"level-supports": "~1.0.0",
				"xtend": "~4.0.0"
			}
		},
		"aes-js": {
			"version": "3.0.0",
			"resolved": "https://registry.npmjs.org/aes-js/-/aes-js-3.0.0.tgz",
			"integrity": "sha1-4h3xCtbCBTKVvLuNq0Cwnb6ofk0="
		},
		"ansi-styles": {
			"version": "4.2.1",
			"resolved": "https://registry.npmjs.org/ansi-styles/-/ansi-styles-4.2.1.tgz",
			"integrity": "sha512-9VGjrMsG1vePxcSweQsN20KY/c4zN0h9fLjqAbwbPfahM3t+NL+M9HC8xeXG2I8pX5NoamTGNuomEUFI7fcUjA==",
			"requires": {
				"@types/color-name": "^1.1.1",
				"color-convert": "^2.0.1"
			}
		},
		"axios": {
			"version": "0.19.2",
			"resolved": "https://registry.npmjs.org/axios/-/axios-0.19.2.tgz",
			"integrity": "sha512-fjgm5MvRHLhx+osE2xoekY70AhARk3a6hkN+3Io1jc00jtquGvxYlKlsFUhmUET0V5te6CcZI7lcv2Ym61mjHA==",
			"requires": {
				"follow-redirects": "1.5.10"
			}
		},
		"base-x": {
			"version": "3.0.5",
			"resolved": "https://registry.npmjs.org/base-x/-/base-x-3.0.5.tgz",
			"integrity": "sha512-C3picSgzPSLE+jW3tcBzJoGwitOtazb5B+5YmAxZm2ybmTi9LNgAtDO/jjVEBZwHoXmDBZ9m/IELj3elJVRBcA==",
			"requires": {
				"safe-buffer": "^5.0.1"
			}
		},
		"bindings": {
			"version": "1.5.0",
			"resolved": "https://registry.npmjs.org/bindings/-/bindings-1.5.0.tgz",
			"integrity": "sha512-p2q/t/mhvuOj/UeLlV6566GD/guowlr0hHxClI0W9m7MWYkL1F0hLo+0Aexs9HSPCtR1SXQ0TD3MMKrXZajbiQ==",
			"requires": {
				"file-uri-to-path": "1.0.0"
			}
		},
		"bip39": {
			"version": "2.6.0",
			"resolved": "https://registry.npmjs.org/bip39/-/bip39-2.6.0.tgz",
			"integrity": "sha512-RrnQRG2EgEoqO24ea+Q/fftuPUZLmrEM3qNhhGsA3PbaXaCW791LTzPuVyx/VprXQcTbPJ3K3UeTna8ZnVl2sg==",
			"requires": {
				"create-hash": "^1.1.0",
				"pbkdf2": "^3.0.9",
				"randombytes": "^2.0.1",
				"safe-buffer": "^5.0.1",
				"unorm": "^1.3.3"
			}
		},
		"bip66": {
			"version": "1.1.5",
			"resolved": "https://registry.npmjs.org/bip66/-/bip66-1.1.5.tgz",
			"integrity": "sha1-AfqHSHhcpwlV1QESF9GzE5lpyiI=",
			"requires": {
				"safe-buffer": "^5.0.1"
			}
		},
		"blakejs": {
			"version": "1.1.0",
			"resolved": "https://registry.npmjs.org/blakejs/-/blakejs-1.1.0.tgz",
			"integrity": "sha1-ad+S75U6qIylGjLfarHFShVfx6U="
		},
		"bn.js": {
			"version": "4.11.8",
			"resolved": "https://registry.npmjs.org/bn.js/-/bn.js-4.11.8.tgz",
			"integrity": "sha512-ItfYfPLkWHUjckQCk8xC+LwxgK8NYcXywGigJgSwOP8Y2iyWT4f2vsZnoOXTTbo+o5yXmIUJ4gn5538SO5S3gA=="
		},
		"brorand": {
			"version": "1.1.0",
			"resolved": "https://registry.npmjs.org/brorand/-/brorand-1.1.0.tgz",
			"integrity": "sha1-EsJe/kCkXjwyPrhnWgoM5XsiNx8="
		},
		"browserify-aes": {
			"version": "1.2.0",
			"resolved": "https://registry.npmjs.org/browserify-aes/-/browserify-aes-1.2.0.tgz",
			"integrity": "sha512-+7CHXqGuspUn/Sl5aO7Ea0xWGAtETPXNSAjHo48JfLdPWcMng33Xe4znFvQweqc/uzk5zSOI3H52CYnjCfb5hA==",
			"requires": {
				"buffer-xor": "^1.0.3",
				"cipher-base": "^1.0.0",
				"create-hash": "^1.1.0",
				"evp_bytestokey": "^1.0.3",
				"inherits": "^2.0.1",
				"safe-buffer": "^5.0.1"
			}
		},
		"bs58": {
			"version": "4.0.1",
			"resolved": "https://registry.npmjs.org/bs58/-/bs58-4.0.1.tgz",
			"integrity": "sha1-vhYedsNU9veIrkBx9j806MTwpCo=",
			"requires": {
				"base-x": "^3.0.2"
			}
		},
		"buffer-xor": {
			"version": "1.0.3",
			"resolved": "https://registry.npmjs.org/buffer-xor/-/buffer-xor-1.0.3.tgz",
			"integrity": "sha1-JuYe0UIvtw3ULm42cp7VHYVf6Nk="
		},
		"camelcase": {
			"version": "5.3.1",
			"resolved": "https://registry.npmjs.org/camelcase/-/camelcase-5.3.1.tgz",
			"integrity": "sha512-L28STB170nwWS63UjtlEOE3dldQApaJXZkOI1uMFfzf3rRuPegHaHesyee+YxQ+W6SvRDQV6UrdOdRiR153wJg=="
		},
		"chalk": {
			"version": "3.0.0",
			"resolved": "https://registry.npmjs.org/chalk/-/chalk-3.0.0.tgz",
			"integrity": "sha512-4D3B6Wf41KOYRFdszmDqMCGq5VV/uMAB273JILmO+3jAlh8X4qDtdtgCR3fxtbLEMzSx22QdhnDcJvu2u1fVwg==",
			"requires": {
				"ansi-styles": "^4.1.0",
				"supports-color": "^7.1.0"
			}
		},
		"cipher-base": {
			"version": "1.0.4",
			"resolved": "https://registry.npmjs.org/cipher-base/-/cipher-base-1.0.4.tgz",
			"integrity": "sha512-Kkht5ye6ZGmwv40uUDZztayT2ThLQGfnj/T71N/XzeZeo3nf8foyW7zGTsPYkEya3m5f3cAypH+qe7YOrM1U2Q==",
			"requires": {
				"inherits": "^2.0.1",
				"safe-buffer": "^5.0.1"
			}
		},
		"color-convert": {
			"version": "2.0.1",
			"resolved": "https://registry.npmjs.org/color-convert/-/color-convert-2.0.1.tgz",
			"integrity": "sha512-RRECPsj7iu/xb5oKYcsFHSppFNnsj/52OVTRKb4zP5onXwVF3zVmmToNcOfGC+CRDpfK/U584fMg38ZHCaElKQ==",
			"requires": {
				"color-name": "~1.1.4"
			}
		},
		"color-name": {
			"version": "1.1.4",
			"resolved": "https://registry.npmjs.org/color-name/-/color-name-1.1.4.tgz",
			"integrity": "sha512-dOy+3AuW3a2wNbZHIuMZpTcgjGuLU/uBL/ubcZF9OXbDo8ff4O8yVp5Bf0efS8uEoYo5q4Fx7dY9OgQGXgAsQA=="
		},
		"create-hash": {
			"version": "1.2.0",
			"resolved": "https://registry.npmjs.org/create-hash/-/create-hash-1.2.0.tgz",
			"integrity": "sha512-z00bCGNHDG8mHAkP7CtT1qVu+bFQUPjYq/4Iv3C3kWjTFV10zIjfSoeqXo9Asws8gwSHDGj/hl2u4OGIjapeCg==",
			"requires": {
				"cipher-base": "^1.0.1",
				"inherits": "^2.0.1",
				"md5.js": "^1.3.4",
				"ripemd160": "^2.0.1",
				"sha.js": "^2.4.0"
			}
		},
		"create-hmac": {
			"version": "1.1.7",
			"resolved": "https://registry.npmjs.org/create-hmac/-/create-hmac-1.1.7.tgz",
			"integrity": "sha512-MJG9liiZ+ogc4TzUwuvbER1JRdgvUFSB5+VR/g5h82fGaIRWMWddtKBHi7/sVhfjQZ6SehlyhvQYrcYkaUIpLg==",
			"requires": {
				"cipher-base": "^1.0.3",
				"create-hash": "^1.1.0",
				"inherits": "^2.0.1",
				"ripemd160": "^2.0.0",
				"safe-buffer": "^5.0.1",
				"sha.js": "^2.4.8"
			}
		},
		"cuint": {
			"version": "0.2.2",
			"resolved": "https://registry.npmjs.org/cuint/-/cuint-0.2.2.tgz",
			"integrity": "sha1-QICG1AlVDCYxFVYZ6fp7ytw7mRs="
		},
		"d": {
			"version": "1.0.1",
			"resolved": "https://registry.npmjs.org/d/-/d-1.0.1.tgz",
			"integrity": "sha512-m62ShEObQ39CfralilEQRjH6oAMtNCV1xJyEx5LpRYUVN+EviphDgUc/F3hnYbADmkiNs67Y+3ylmlG7Lnu+FA==",
			"requires": {
				"es5-ext": "^0.10.50",
				"type": "^1.0.1"
			}
		},
		"debug": {
			"version": "3.1.0",
			"resolved": "https://registry.npmjs.org/debug/-/debug-3.1.0.tgz",
			"integrity": "sha512-OX8XqP7/1a9cqkxYw2yXss15f26NKWBpDXQd0/uK/KPqdQhxbPa994hnzjcE2VqQpDslf55723cKPUOGSmMY3g==",
			"requires": {
				"ms": "2.0.0"
			}
		},
		"drbg.js": {
			"version": "1.0.1",
			"resolved": "https://registry.npmjs.org/drbg.js/-/drbg.js-1.0.1.tgz",
			"integrity": "sha1-Pja2xCs3BDgjzbwzLVjzHiRFSAs=",
			"requires": {
				"browserify-aes": "^1.0.6",
				"create-hash": "^1.1.2",
				"create-hmac": "^1.1.4"
			}
		},
		"elliptic": {
			"version": "6.5.2",
			"resolved": "https://registry.npmjs.org/elliptic/-/elliptic-6.5.2.tgz",
			"integrity": "sha512-f4x70okzZbIQl/NSRLkI/+tteV/9WqL98zx+SQ69KbXxmVrmjwsNUPn/gYJJ0sHvEak24cZgHIPegRePAtA/xw==",
			"requires": {
				"bn.js": "^4.4.0",
				"brorand": "^1.0.1",
				"hash.js": "^1.0.0",
				"hmac-drbg": "^1.0.0",
				"inherits": "^2.0.1",
				"minimalistic-assert": "^1.0.0",
				"minimalistic-crypto-utils": "^1.0.0"
			}
		},
		"encoding": {
			"version": "0.1.12",
			"resolved": "https://registry.npmjs.org/encoding/-/encoding-0.1.12.tgz",
			"integrity": "sha1-U4tm8+5izRq1HsMjgp0flIDHS+s=",
			"requires": {
				"iconv-lite": "~0.4.13"
			}
		},
		"es5-ext": {
			"version": "0.10.53",
			"resolved": "https://registry.npmjs.org/es5-ext/-/es5-ext-0.10.53.tgz",
			"integrity": "sha512-Xs2Stw6NiNHWypzRTY1MtaG/uJlwCk8kH81920ma8mvN8Xq1gsfhZvpkImLQArw8AHnv8MT2I45J3c0R8slE+Q==",
			"requires": {
				"es6-iterator": "~2.0.3",
				"es6-symbol": "~3.1.3",
				"next-tick": "~1.0.0"
			}
		},
		"es6-iterator": {
			"version": "2.0.3",
			"resolved": "https://registry.npmjs.org/es6-iterator/-/es6-iterator-2.0.3.tgz",
			"integrity": "sha1-p96IkUGgWpSwhUQDstCg+/qY87c=",
			"requires": {
				"d": "1",
				"es5-ext": "^0.10.35",
				"es6-symbol": "^3.1.1"
			}
		},
		"es6-symbol": {
			"version": "3.1.3",
			"resolved": "https://registry.npmjs.org/es6-symbol/-/es6-symbol-3.1.3.tgz",
			"integrity": "sha512-NJ6Yn3FuDinBaBRWl/q5X/s4koRHBrgKAu+yGI6JCBeiu3qrcbJhwT2GeR/EXVfylRk8dpQVJoLEFhK+Mu31NA==",
			"requires": {
				"d": "^1.0.1",
				"ext": "^1.1.2"
			}
		},
		"es6-weak-map": {
			"version": "2.0.3",
			"resolved": "https://registry.npmjs.org/es6-weak-map/-/es6-weak-map-2.0.3.tgz",
			"integrity": "sha512-p5um32HOTO1kP+w7PRnB+5lQ43Z6muuMuIMffvDN8ZB4GcnjLBV6zGStpbASIMk4DCAvEaamhe2zhyCb/QXXsA==",
			"requires": {
				"d": "1",
				"es5-ext": "^0.10.46",
				"es6-iterator": "^2.0.3",
				"es6-symbol": "^3.1.1"
			}
		},
		"ethers": {
			"version": "4.0.46",
			"resolved": "https://registry.npmjs.org/ethers/-/ethers-4.0.46.tgz",
			"integrity": "sha512-/dPMzzpInhtiip4hKFvsDiJKeRk64IhyA+Po7CtNXneQFSOCYXg8eBFt+jXbxUQyApgWnWOtYxWdfn9+CvvxDA==",
			"requires": {
				"aes-js": "3.0.0",
				"bn.js": "^4.4.0",
				"elliptic": "6.5.2",
				"hash.js": "1.1.3",
				"js-sha3": "0.5.7",
				"scrypt-js": "2.0.4",
				"setimmediate": "1.0.4",
				"uuid": "2.0.1",
				"xmlhttprequest": "1.8.0"
			}
		},
		"event-emitter": {
			"version": "0.3.5",
			"resolved": "https://registry.npmjs.org/event-emitter/-/event-emitter-0.3.5.tgz",
			"integrity": "sha1-34xp7vFkeSPHFXuc6DhAYQsCzDk=",
			"requires": {
				"d": "1",
				"es5-ext": "~0.10.14"
			}
		},
		"eventemitter3": {
			"version": "4.0.0",
			"resolved": "https://registry.npmjs.org/eventemitter3/-/eventemitter3-4.0.0.tgz",
			"integrity": "sha512-qerSRB0p+UDEssxTtm6EDKcE7W4OaoisfIMl4CngyEhjpYglocpNg6UEqCvemdGhosAsg4sO2dXJOdyBifPGCg=="
		},
		"evp_bytestokey": {
			"version": "1.0.3",
			"resolved": "https://registry.npmjs.org/evp_bytestokey/-/evp_bytestokey-1.0.3.tgz",
			"integrity": "sha512-/f2Go4TognH/KvCISP7OUsHn85hT9nUkxxA9BEWxFn+Oj9o8ZNLm/40hdlgSLyuOimsrTKLUMEorQexp/aPQeA==",
			"requires": {
				"md5.js": "^1.3.4",
				"safe-buffer": "^5.1.1"
			}
		},
		"ext": {
			"version": "1.4.0",
			"resolved": "https://registry.npmjs.org/ext/-/ext-1.4.0.tgz",
			"integrity": "sha512-Key5NIsUxdqKg3vIsdw9dSuXpPCQ297y6wBjL30edxwPgt2E44WcWBZey/ZvUc6sERLTxKdyCu4gZFmUbk1Q7A==",
			"requires": {
				"type": "^2.0.0"
			},
			"dependencies": {
				"type": {
					"version": "2.0.0",
					"resolved": "https://registry.npmjs.org/type/-/type-2.0.0.tgz",
					"integrity": "sha512-KBt58xCHry4Cejnc2ISQAF7QY+ORngsWfxezO68+12hKV6lQY8P/psIkcbjeHWn7MqcgciWJyCCevFMJdIXpow=="
				}
			}
		},
		"file-uri-to-path": {
			"version": "1.0.0",
			"resolved": "https://registry.npmjs.org/file-uri-to-path/-/file-uri-to-path-1.0.0.tgz",
			"integrity": "sha512-0Zt+s3L7Vf1biwWZ29aARiVYLx7iMGnEUl9x33fbB/j3jR81u/O2LbqK+Bm1CDSNDKVtJ/YjwY7TUd5SkeLQLw=="
		},
		"follow-redirects": {
			"version": "1.5.10",
			"resolved": "https://registry.npmjs.org/follow-redirects/-/follow-redirects-1.5.10.tgz",
			"integrity": "sha512-0V5l4Cizzvqt5D44aTXbFZz+FtyXV1vrDN6qrelxtfYQKW0KO0W2T/hkE8xvGa/540LkZlkaUjO4ailYTFtHVQ==",
			"requires": {
				"debug": "=3.1.0"
			}
		},
		"has-flag": {
			"version": "4.0.0",
			"resolved": "https://registry.npmjs.org/has-flag/-/has-flag-4.0.0.tgz",
			"integrity": "sha512-EykJT/Q1KjTWctppgIAgfSO0tKVuZUjhgMr17kqTumMl6Afv3EISleU7qZUzoXDFTAHTDC4NOoG/ZxU3EvlMPQ=="
		},
		"hash-base": {
			"version": "3.0.4",
			"resolved": "https://registry.npmjs.org/hash-base/-/hash-base-3.0.4.tgz",
			"integrity": "sha1-X8hoaEfs1zSZQDMZprCj8/auSRg=",
			"requires": {
				"inherits": "^2.0.1",
				"safe-buffer": "^5.0.1"
			}
		},
		"hash.js": {
			"version": "1.1.3",
			"resolved": "https://registry.npmjs.org/hash.js/-/hash.js-1.1.3.tgz",
			"integrity": "sha512-/UETyP0W22QILqS+6HowevwhEFJ3MBJnwTf75Qob9Wz9t0DPuisL8kW8YZMK62dHAKE1c1p+gY1TtOLY+USEHA==",
			"requires": {
				"inherits": "^2.0.3",
				"minimalistic-assert": "^1.0.0"
			}
		},
		"hmac-drbg": {
			"version": "1.0.1",
			"resolved": "https://registry.npmjs.org/hmac-drbg/-/hmac-drbg-1.0.1.tgz",
			"integrity": "sha1-0nRXAQJabHdabFRXk+1QL8DGSaE=",
			"requires": {
				"hash.js": "^1.0.3",
				"minimalistic-assert": "^1.0.0",
				"minimalistic-crypto-utils": "^1.0.1"
			}
		},
		"iconv-lite": {
			"version": "0.4.24",
			"resolved": "https://registry.npmjs.org/iconv-lite/-/iconv-lite-0.4.24.tgz",
			"integrity": "sha512-v3MXnZAcvnywkTUEZomIActle7RXXeedOR31wwl7VlyoXO4Qi9arvSenNQWne1TcRwhCL1HwLI21bEqdpj8/rA==",
			"requires": {
				"safer-buffer": ">= 2.1.2 < 3"
			}
		},
		"inherits": {
			"version": "2.0.4",
			"resolved": "https://registry.npmjs.org/inherits/-/inherits-2.0.4.tgz",
			"integrity": "sha512-k/vGaX4/Yla3WzyMCvTQOXYeIHvqOKtnqBduzTHpzpQZzAskKMhZ2K+EnBiSM9zGSoIFeMpXKxa4dYeZIQqewQ=="
		},
		"ip-regex": {
			"version": "4.1.0",
			"resolved": "https://registry.npmjs.org/ip-regex/-/ip-regex-4.1.0.tgz",
			"integrity": "sha512-pKnZpbgCTfH/1NLIlOduP/V+WRXzC2MOz3Qo8xmxk8C5GudJLgK5QyLVXOSWy3ParAH7Eemurl3xjv/WXYFvMA=="
		},
		"is-promise": {
			"version": "2.1.0",
			"resolved": "https://registry.npmjs.org/is-promise/-/is-promise-2.1.0.tgz",
			"integrity": "sha1-eaKp7OfwlugPNtKy87wWwf9L8/o="
		},
		"is-stream": {
			"version": "1.1.0",
			"resolved": "https://registry.npmjs.org/is-stream/-/is-stream-1.1.0.tgz",
			"integrity": "sha1-EtSj3U5o4Lec6428hBc66A2RykQ="
		},
		"is-typedarray": {
			"version": "1.0.0",
			"resolved": "https://registry.npmjs.org/is-typedarray/-/is-typedarray-1.0.0.tgz",
			"integrity": "sha1-5HnICFjfDBsR3dppQPlgEfzaSpo="
		},
		"isomorphic-fetch": {
			"version": "2.2.1",
			"resolved": "https://registry.npmjs.org/isomorphic-fetch/-/isomorphic-fetch-2.2.1.tgz",
			"integrity": "sha1-YRrhrPFPXoH3KVB0coGf6XM1WKk=",
			"requires": {
				"node-fetch": "^1.0.1",
				"whatwg-fetch": ">=0.10.0"
			}
		},
		"js-sha3": {
			"version": "0.5.7",
			"resolved": "https://registry.npmjs.org/js-sha3/-/js-sha3-0.5.7.tgz",
			"integrity": "sha1-DU/9gALVMzqrr0oj7tL2N0yfKOc="
		},
		"jsbi": {
			"version": "3.1.2",
			"resolved": "https://registry.npmjs.org/jsbi/-/jsbi-3.1.2.tgz",
			"integrity": "sha512-5nDXo1X9QVaXK/Cpb5VECV9ss1QPbjUuk1qSruHB1PK/g39Sd414K4nci99ElFDZv0vzxDEnKn3o49/Tn9Yagw=="
		},
		"level-concat-iterator": {
			"version": "2.0.1",
			"resolved": "https://registry.npmjs.org/level-concat-iterator/-/level-concat-iterator-2.0.1.tgz",
			"integrity": "sha512-OTKKOqeav2QWcERMJR7IS9CUo1sHnke2C0gkSmcR7QuEtFNLLzHQAvnMw8ykvEcv0Qtkg0p7FOwP1v9e5Smdcw=="
		},
		"level-supports": {
			"version": "1.0.1",
			"resolved": "https://registry.npmjs.org/level-supports/-/level-supports-1.0.1.tgz",
			"integrity": "sha512-rXM7GYnW8gsl1vedTJIbzOrRv85c/2uCMpiiCzO2fndd06U/kUXEEU9evYn4zFggBOg36IsBW8LzqIpETwwQzg==",
			"requires": {
				"xtend": "^4.0.2"
			}
		},
		"lru-queue": {
			"version": "0.1.0",
			"resolved": "https://registry.npmjs.org/lru-queue/-/lru-queue-0.1.0.tgz",
			"integrity": "sha1-Jzi9nw089PhEkMVzbEhpmsYyzaM=",
			"requires": {
				"es5-ext": "~0.10.2"
			}
		},
		"md5.js": {
			"version": "1.3.5",
			"resolved": "https://registry.npmjs.org/md5.js/-/md5.js-1.3.5.tgz",
			"integrity": "sha512-xitP+WxNPcTTOgnTJcrhM0xvdPepipPSf3I8EIpGKeFLjt3PlJLIDG3u8EX53ZIubkb+5U2+3rELYpEhHhzdkg==",
			"requires": {
				"hash-base": "^3.0.0",
				"inherits": "^2.0.1",
				"safe-buffer": "^5.1.2"
			}
		},
		"memoizee": {
			"version": "0.4.14",
			"resolved": "https://registry.npmjs.org/memoizee/-/memoizee-0.4.14.tgz",
			"integrity": "sha512-/SWFvWegAIYAO4NQMpcX+gcra0yEZu4OntmUdrBaWrJncxOqAziGFlHxc7yjKVK2uu3lpPW27P27wkR82wA8mg==",
			"requires": {
				"d": "1",
				"es5-ext": "^0.10.45",
				"es6-weak-map": "^2.0.2",
				"event-emitter": "^0.3.5",
				"is-promise": "^2.1",
				"lru-queue": "0.1",
				"next-tick": "1",
				"timers-ext": "^0.1.5"
			}
		},
		"minimalistic-assert": {
			"version": "1.0.1",
			"resolved": "https://registry.npmjs.org/minimalistic-assert/-/minimalistic-assert-1.0.1.tgz",
			"integrity": "sha512-UtJcAD4yEaGtjPezWuO9wC4nwUnVH/8/Im3yEHQP4b67cXlD/Qr9hdITCU1xDbSEXg2XKNaP8jsReV7vQd00/A=="
		},
		"minimalistic-crypto-utils": {
			"version": "1.0.1",
			"resolved": "https://registry.npmjs.org/minimalistic-crypto-utils/-/minimalistic-crypto-utils-1.0.1.tgz",
			"integrity": "sha1-9sAMHAsIIkblxNmd+4x8CDsrWCo="
		},
		"moment": {
			"version": "2.24.0",
			"resolved": "https://registry.npmjs.org/moment/-/moment-2.24.0.tgz",
			"integrity": "sha512-bV7f+6l2QigeBBZSM/6yTNq4P2fNpSWj/0e7jQcy87A8e7o2nAfP/34/2ky5Vw4B9S446EtIhodAzkFCcR4dQg=="
		},
		"ms": {
			"version": "2.0.0",
			"resolved": "https://registry.npmjs.org/ms/-/ms-2.0.0.tgz",
			"integrity": "sha1-VgiurfwAvmwpAd9fmGF4jeDVl8g="
		},
		"nan": {
			"version": "2.14.0",
			"resolved": "https://registry.npmjs.org/nan/-/nan-2.14.0.tgz",
			"integrity": "sha512-INOFj37C7k3AfaNTtX8RhsTw7qRy7eLET14cROi9+5HAVbbHuIWUHEauBv5qT4Av2tWasiTY1Jw6puUNqRJXQg=="
		},
		"next-tick": {
			"version": "1.0.0",
			"resolved": "https://registry.npmjs.org/next-tick/-/next-tick-1.0.0.tgz",
			"integrity": "sha1-yobR/ogoFpsBICCOPchCS524NCw="
		},
		"node-fetch": {
			"version": "1.7.3",
			"resolved": "https://registry.npmjs.org/node-fetch/-/node-fetch-1.7.3.tgz",
			"integrity": "sha512-NhZ4CsKx7cYm2vSrBAr2PvFOe6sWDf0UYLRqA6svUYg7+/TSfVAu49jYC4BvQ4Sms9SZgdqGBgroqfDhJdTyKQ==",
			"requires": {
				"encoding": "^0.1.11",
				"is-stream": "^1.0.1"
			}
		},
		"pbkdf2": {
			"version": "3.0.17",
			"resolved": "https://registry.npmjs.org/pbkdf2/-/pbkdf2-3.0.17.tgz",
			"integrity": "sha512-U/il5MsrZp7mGg3mSQfn742na2T+1/vHDCG5/iTI3X9MKUuYUZVLQhyRsg06mCgDBTd57TxzgZt7P+fYfjRLtA==",
			"requires": {
				"create-hash": "^1.1.2",
				"create-hmac": "^1.1.4",
				"ripemd160": "^2.0.1",
				"safe-buffer": "^5.0.1",
				"sha.js": "^2.4.8"
			}
		},
		"pegjs": {
			"version": "0.10.0",
			"resolved": "https://registry.npmjs.org/pegjs/-/pegjs-0.10.0.tgz",
			"integrity": "sha1-z4uvrm7d/0tafvsYUmnqr0YQ3b0="
		},
		"randombytes": {
			"version": "2.1.0",
			"resolved": "https://registry.npmjs.org/randombytes/-/randombytes-2.1.0.tgz",
			"integrity": "sha512-vYl3iOX+4CKUWuxGi9Ukhie6fsqXqS9FE2Zaic4tNFD2N2QQaXOMFbuKK4QmDHC0JO6B1Zp41J0LpT0oR68amQ==",
			"requires": {
				"safe-buffer": "^5.1.0"
			}
		},
		"regenerator-runtime": {
			"version": "0.13.5",
			"resolved": "https://registry.npmjs.org/regenerator-runtime/-/regenerator-runtime-0.13.5.tgz",
			"integrity": "sha512-ZS5w8CpKFinUzOwW3c83oPeVXoNsrLsaCoLtJvAClH135j/R77RuymhiSErhm2lKcwSCIpmvIWSbDkIfAqKQlA=="
		},
		"ripemd160": {
			"version": "2.0.2",
			"resolved": "https://registry.npmjs.org/ripemd160/-/ripemd160-2.0.2.tgz",
			"integrity": "sha512-ii4iagi25WusVoiC4B4lq7pbXfAp3D9v5CwfkY33vffw2+pkDjY1D8GaN7spsxvCSx8dkPqOZCEZyfxcmJG2IA==",
			"requires": {
				"hash-base": "^3.0.0",
				"inherits": "^2.0.1"
			}
		},
		"rxjs": {
			"version": "6.5.4",
			"resolved": "https://registry.npmjs.org/rxjs/-/rxjs-6.5.4.tgz",
			"integrity": "sha512-naMQXcgEo3csAEGvw/NydRA0fuS2nDZJiw1YUWFKU7aPPAPGZEsD4Iimit96qwCieH6y614MCLYwdkrWx7z/7Q==",
			"requires": {
				"tslib": "^1.9.0"
			}
		},
		"safe-buffer": {
			"version": "5.2.0",
			"resolved": "https://registry.npmjs.org/safe-buffer/-/safe-buffer-5.2.0.tgz",
			"integrity": "sha512-fZEwUGbVl7kouZs1jCdMLdt95hdIv0ZeHg6L7qPeciMZhZ+/gdesW4wgTARkrFWEpspjEATAzUGPG8N2jJiwbg=="
		},
		"safer-buffer": {
			"version": "2.1.2",
			"resolved": "https://registry.npmjs.org/safer-buffer/-/safer-buffer-2.1.2.tgz",
			"integrity": "sha512-YZo3K82SD7Riyi0E1EQPojLz7kpepnSQI9IyPbHHg1XXXevb5dJI7tpyN2ADxGcQbHG7vcyRHk0cbwqcQriUtg=="
		},
		"scrypt-js": {
			"version": "2.0.4",
			"resolved": "https://registry.npmjs.org/scrypt-js/-/scrypt-js-2.0.4.tgz",
			"integrity": "sha512-4KsaGcPnuhtCZQCxFxN3GVYIhKFPTdLd8PLC552XwbMndtD0cjRFAhDuuydXQ0h08ZfPgzqe6EKHozpuH74iDw=="
		},
		"secp256k1": {
			"version": "3.8.0",
			"resolved": "https://registry.npmjs.org/secp256k1/-/secp256k1-3.8.0.tgz",
			"integrity": "sha512-k5ke5avRZbtl9Tqx/SA7CbY3NF6Ro+Sj9cZxezFzuBlLDmyqPiL8hJJ+EmzD8Ig4LUDByHJ3/iPOVoRixs/hmw==",
			"requires": {
				"bindings": "^1.5.0",
				"bip66": "^1.1.5",
				"bn.js": "^4.11.8",
				"create-hash": "^1.2.0",
				"drbg.js": "^1.0.1",
				"elliptic": "^6.5.2",
				"nan": "^2.14.0",
				"safe-buffer": "^5.1.2"
			}
		},
		"setimmediate": {
			"version": "1.0.4",
			"resolved": "https://registry.npmjs.org/setimmediate/-/setimmediate-1.0.4.tgz",
			"integrity": "sha1-IOgd5iLUoCWIzgyNqJc8vPHTE48="
		},
		"sha.js": {
			"version": "2.4.11",
			"resolved": "https://registry.npmjs.org/sha.js/-/sha.js-2.4.11.tgz",
			"integrity": "sha512-QMEp5B7cftE7APOjk5Y6xgrbWu+WkLVQwk8JNjZ8nKRciZaByEW6MubieAiToS7+dwvrjGhH8jRXz3MVd0AYqQ==",
			"requires": {
				"inherits": "^2.0.1",
				"safe-buffer": "^5.0.1"
			}
		},
		"supports-color": {
			"version": "7.1.0",
			"resolved": "https://registry.npmjs.org/supports-color/-/supports-color-7.1.0.tgz",
			"integrity": "sha512-oRSIpR8pxT1Wr2FquTNnGet79b3BWljqOuoW/h4oBhxJ/HUbX5nX6JSruTkvXDCFMwDPvsaTTbvMLKZWSy0R5g==",
			"requires": {
				"has-flag": "^4.0.0"
			}
		},
		"text-encoding": {
			"version": "0.7.0",
			"resolved": "https://registry.npmjs.org/text-encoding/-/text-encoding-0.7.0.tgz",
			"integrity": "sha512-oJQ3f1hrOnbRLOcwKz0Liq2IcrvDeZRHXhd9RgLrsT+DjWY/nty1Hi7v3dtkaEYbPYe0mUoOfzRrMwfXXwgPUA=="
		},
		"timers-ext": {
			"version": "0.1.7",
			"resolved": "https://registry.npmjs.org/timers-ext/-/timers-ext-0.1.7.tgz",
			"integrity": "sha512-b85NUNzTSdodShTIbky6ZF02e8STtVVfD+fu4aXXShEELpozH+bCpJLYMPZbsABN2wDH7fJpqIoXxJpzbf0NqQ==",
			"requires": {
				"es5-ext": "~0.10.46",
				"next-tick": "1"
			}
		},
		"tslib": {
			"version": "1.11.1",
			"resolved": "https://registry.npmjs.org/tslib/-/tslib-1.11.1.tgz",
			"integrity": "sha512-aZW88SY8kQbU7gpV19lN24LtXh/yD4ZZg6qieAJDDg+YBsJcSmLGK9QpnUjAKVG/xefmvJGd1WUmfpT/g6AJGA=="
		},
		"tweetnacl": {
			"version": "1.0.3",
			"resolved": "https://registry.npmjs.org/tweetnacl/-/tweetnacl-1.0.3.tgz",
			"integrity": "sha512-6rt+RN7aOi1nGMyC4Xa5DdYiukl2UWCbcJft7YhxReBGQD7OAM8Pbxw6YMo4r2diNEA8FEmu32YOn9rhaiE5yw=="
		},
		"type": {
			"version": "1.2.0",
			"resolved": "https://registry.npmjs.org/type/-/type-1.2.0.tgz",
			"integrity": "sha512-+5nt5AAniqsCnu2cEQQdpzCAh33kVx8n0VoFidKpB1dVVLAN/F+bgVOqOJqOnEnrhp222clB5p3vUlD+1QAnfg=="
		},
		"typedarray-to-buffer": {
			"version": "3.1.5",
			"resolved": "https://registry.npmjs.org/typedarray-to-buffer/-/typedarray-to-buffer-3.1.5.tgz",
			"integrity": "sha512-zdu8XMNEDepKKR+XYOXAVPtWui0ly0NtohUscw+UmaHiAWT8hrV1rr//H6V+0DvJ3OQ19S979M0laLfX8rm82Q==",
			"requires": {
				"is-typedarray": "^1.0.0"
			}
		},
		"unorm": {
			"version": "1.6.0",
			"resolved": "https://registry.npmjs.org/unorm/-/unorm-1.6.0.tgz",
			"integrity": "sha512-b2/KCUlYZUeA7JFUuRJZPUtr4gZvBh7tavtv4fvk4+KV9pfGiR6CQAQAWl49ZpR3ts2dk4FYkP7EIgDJoiOLDA=="
		},
		"uuid": {
			"version": "2.0.1",
			"resolved": "https://registry.npmjs.org/uuid/-/uuid-2.0.1.tgz",
			"integrity": "sha1-wqMN7bPlNdcsz4LjQ5QaULqFM6w="
		},
		"websocket": {
			"version": "1.0.31",
			"resolved": "https://registry.npmjs.org/websocket/-/websocket-1.0.31.tgz",
			"integrity": "sha512-VAouplvGKPiKFDTeCCO65vYHsyay8DqoBSlzIO3fayrfOgU94lQN5a1uWVnFrMLceTJw/+fQXR5PGbUVRaHshQ==",
			"requires": {
				"debug": "^2.2.0",
				"es5-ext": "^0.10.50",
				"nan": "^2.14.0",
				"typedarray-to-buffer": "^3.1.5",
				"yaeti": "^0.0.6"
			},
			"dependencies": {
				"debug": {
					"version": "2.6.9",
					"resolved": "https://registry.npmjs.org/debug/-/debug-2.6.9.tgz",
					"integrity": "sha512-bC7ElrdJaJnPbAP+1EotYvqZsb3ecl5wi6Bfi6BJTUcNowp6cvspg0jXznRTKDjm/E7AdgFBVeAPVMNcKGsHMA==",
					"requires": {
						"ms": "2.0.0"
					}
				}
			}
		},
		"whatwg-fetch": {
			"version": "3.0.0",
			"resolved": "https://registry.npmjs.org/whatwg-fetch/-/whatwg-fetch-3.0.0.tgz",
			"integrity": "sha512-9GSJUgz1D4MfyKU7KRqwOjXCXTqWdFNvEr7eUBYchQiVc744mqK/MzXPNR2WsPkmkOa4ywfg8C2n8h+13Bey1Q=="
		},
		"xmlhttprequest": {
			"version": "1.8.0",
			"resolved": "https://registry.npmjs.org/xmlhttprequest/-/xmlhttprequest-1.8.0.tgz",
			"integrity": "sha1-Z/4HXFwk/vOfnWX197f+dRcZaPw="
		},
		"xtend": {
			"version": "4.0.2",
			"resolved": "https://registry.npmjs.org/xtend/-/xtend-4.0.2.tgz",
			"integrity": "sha512-LKYU1iAXJXUgAXn9URjiu+MWhyUXHsvfp7mcuYm9dSUKK0/CjtrUwFAxD82/mCWbtLsGjFIad0wIsod4zrTAEQ=="
		},
		"xxhashjs": {
			"version": "0.2.2",
			"resolved": "https://registry.npmjs.org/xxhashjs/-/xxhashjs-0.2.2.tgz",
			"integrity": "sha512-AkTuIuVTET12tpsVIQo+ZU6f/qDmKuRUcjaqR+OIvm+aCBsZ95i7UVY5WJ9TMsSaZ0DA2WxoZ4acu0sPH+OKAw==",
			"requires": {
				"cuint": "^0.2.2"
			}
		},
		"yaeti": {
			"version": "0.0.6",
			"resolved": "https://registry.npmjs.org/yaeti/-/yaeti-0.0.6.tgz",
			"integrity": "sha1-8m9ITXJoTPQr7ft2lwqhYI+/lXc="
		}
	}
}
